{
  "nodes": {
    "aarch64-darwin": {
      "flake": false,
      "locked": {
        "narHash": "sha256-ETXWEuK64daP6fIoWmK4BSq+aO5aIwqhO2/aCTZVnZA=",
        "type": "file",
        "url": "https://github.com/webosbrew/native-toolchain/releases/latest/download/arm-webos-linux-gnueabi_sdk-buildroot_darwin-arm64.tar.bz2"
      },
      "original": {
        "type": "file",
        "url": "https://github.com/webosbrew/native-toolchain/releases/latest/download/arm-webos-linux-gnueabi_sdk-buildroot_darwin-arm64.tar.bz2"
      }
    },
    "aarch64-linux": {
      "flake": false,
      "locked": {
        "narHash": "sha256-fXC3ois8kNqe5qpVrUSzpNH4D9s/hUeybUxjCRp1nk8=",
        "type": "file",
        "url": "https://github.com/webosbrew/native-toolchain/releases/latest/download/arm-webos-linux-gnueabi_sdk-buildroot_linux-aarch64.tar.bz2"
      },
      "original": {
        "type": "file",
        "url": "https://github.com/webosbrew/native-toolchain/releases/latest/download/arm-webos-linux-gnueabi_sdk-buildroot_linux-aarch64.tar.bz2"
      }
    },
    "nixpkgs": {
      "locked": {
        "lastModified": 1716061101,
        "narHash": "sha256-H0eCta7ahEgloGIwE/ihkyGstOGu+kQwAiHvwVoXaA0=",
        "owner": "NixOS",
        "repo": "nixpkgs",
        "rev": "e7cc61784ddf51c81487637b3031a6dd2d6673a2",
        "type": "github"
      },
      "original": {
        "owner": "NixOS",
        "ref": "nixos-23.11",
        "repo": "nixpkgs",
        "type": "github"
      }
    },
    "root": {
      "inputs": {
        "aarch64-darwin": "aarch64-darwin",
        "aarch64-linux": "aarch64-linux",
        "nixpkgs": "nixpkgs",
        "x86_64-darwin": "x86_64-darwin",
        "x86_64-linux": "x86_64-linux"
      }
    },
    "x86_64-darwin": {
      "flake": false,
      "locked": {
        "narHash": "sha256-eGuCI0vb5s2fWdUyYAj7/icWM+Z/BaFpaO0X+p3K0as=",
        "type": "file",
        "url": "https://github.com/webosbrew/native-toolchain/releases/latest/download/arm-webos-linux-gnueabi_sdk-buildroot_darwin-x86_64.tar.bz2"
      },
      "original": {
        "type": "file",
        "url": "https://github.com/webosbrew/native-toolchain/releases/latest/download/arm-webos-linux-gnueabi_sdk-buildroot_darwin-x86_64.tar.bz2"
      }
    },
    "x86_64-linux": {
      "flake": false,
      "locked": {
        "narHash": "sha256-NNPC0yNg59jwykqkjGoCC1HwACyNVeXviBMzVZ4soeY=",
        "type": "file",
        "url": "https://github.com/openlgtv/buildroot-nc4/releases/latest/download/arm-webos-linux-gnueabi_sdk-buildroot-x86_64.tar.gz"
      },
      "original": {
        "type": "file",
        "url": "https://github.com/openlgtv/buildroot-nc4/releases/latest/download/arm-webos-linux-gnueabi_sdk-buildroot-x86_64.tar.gz"
      }
    }
  },
  "root": "root",
  "version": 7
}
